Microsoft Visual Studio Solution File, Format Version 11.00
# Visual Studio 2008

Project("{0CF9AC7B-DDD5-FB29-8DCE-0ADACA129A0A}") = "MDU112 Project FINAL", "Assembly-CSharp.csproj", "{7628303E-7D9F-7C48-A144-D69E2B7272DE}"
EndProject
Global
	GlobalSection(SolutionConfigurationPlatforms) = preSolution
		Debug|Any CPU = Debug|Any CPU
		Release|Any CPU = Release|Any CPU
	EndGlobalSection
	GlobalSection(ProjectConfigurationPlatforms) = postSolution
		{7628303E-7D9F-7C48-A144-D69E2B7272DE}.Debug|Any CPU.ActiveCfg = Debug|Any CPU
		{7628303E-7D9F-7C48-A144-D69E2B7272DE}.Debug|Any CPU.Build.0 = Debug|Any CPU
		{7628303E-7D9F-7C48-A144-D69E2B7272DE}.Release|Any CPU.ActiveCfg = Release|Any CPU
		{7628303E-7D9F-7C48-A144-D69E2B7272DE}.Release|Any CPU.Build.0 = Release|Any CPU
	EndGlobalSection
	GlobalSection(SolutionProperties) = preSolution
		HideSolutionNode = FALSE
	EndGlobalSection
	GlobalSection(MonoDevelopProperties) = preSolution
		StartupItem = Assembly-CSharp.csproj
	EndGlobalSection
EndGlobal
